// !$*UTF8*$!
{
	archiveVersion = 1;
	classes = {
	};
	objectVersion = 50;
	objects = {

/* Begin PBXBuildFile section */
		075D85DA2110B86C00C14B87 /* AppDelegate.swift in Sources */ = {isa = PBXBuildFile; fileRef = 075D85D92110B86C00C14B87 /* AppDelegate.swift */; };
		075D85DC2110B86C00C14B87 /* ViewController.swift in Sources */ = {isa = PBXBuildFile; fileRef = 075D85DB2110B86C00C14B87 /* ViewController.swift */; };
		075D85DF2110B86C00C14B87 /* Main.storyboard in Resources */ = {isa = PBXBuildFile; fileRef = 075D85DD2110B86C00C14B87 /* Main.storyboard */; };
		075D85E12110B86E00C14B87 /* Assets.xcassets in Resources */ = {isa = PBXBuildFile; fileRef = 075D85E02110B86E00C14B87 /* Assets.xcassets */; };
		075D85E42110B86E00C14B87 /* LaunchScreen.storyboard in Resources */ = {isa = PBXBuildFile; fileRef = 075D85E22110B86E00C14B87 /* LaunchScreen.storyboard */; };
		075D85EF2110B8C700C14B87 /* UncaughtExceptionHandler.m in Sources */ = {isa = PBXBuildFile; fileRef = 075D85EE2110B8C600C14B87 /* UncaughtExceptionHandler.m */; };
		075D85F12110BF6A00C14B87 /* Log.swift in Sources */ = {isa = PBXBuildFile; fileRef = 075D85F02110BF6A00C14B87 /* Log.swift */; };
		075D85F42112144200C14B87 /* CrashMaker.m in Sources */ = {isa = PBXBuildFile; fileRef = 075D85F32112144200C14B87 /* CrashMaker.m */; };
/* End PBXBuildFile section */

/* Begin PBXFileReference section */
		075D85D62110B86C00C14B87 /* CrashHandlerDemo.app */ = {isa = PBXFileReference; explicitFileType = wrapper.application; includeInIndex = 0; path = CrashHandlerDemo.app; sourceTree = BUILT_PRODUCTS_DIR; };
		075D85D92110B86C00C14B87 /* AppDelegate.swift */ = {isa = PBXFileReference; lastKnownFileType = sourcecode.swift; path = AppDelegate.swift; sourceTree = "<group>"; };
		075D85DB2110B86C00C14B87 /* ViewController.swift */ = {isa = PBXFileReference; lastKnownFileType = sourcecode.swift; path = ViewController.swift; sourceTree = "<group>"; };
		075D85DE2110B86C00C14B87 /* Base */ = {isa = PBXFileReference; lastKnownFileType = file.storyboard; name = Base; path = Base.lproj/Main.storyboard; sourceTree = "<group>"; };
		075D85E02110B86E00C14B87 /* Assets.xcassets */ = {isa = PBXFileReference; lastKnownFileType = folder.assetcatalog; path = Assets.xcassets; sourceTree = "<group>"; };
		075D85E32110B86E00C14B87 /* Base */ = {isa = PBXFileReference; lastKnownFileType = file.storyboard; name = Base; path = Base.lproj/LaunchScreen.storyboard; sourceTree = "<group>"; };
		075D85E52110B86E00C14B87 /* Info.plist */ = {isa = PBXFileReference; lastKnownFileType = text.plist.xml; path = Info.plist; sourceTree = "<group>"; };
		075D85EC2110B8C500C14B87 /* CrashHandlerDemo-Bridging-Header.h */ = {isa = PBXFileReference; lastKnownFileType = sourcecode.c.h; path = "CrashHandlerDemo-Bridging-Header.h"; sourceTree = "<group>"; };
		075D85ED2110B8C600C14B87 /* UncaughtExceptionHandler.h */ = {isa = PBXFileReference; fileEncoding = 4; lastKnownFileType = sourcecode.c.h; path = UncaughtExceptionHandler.h; sourceTree = "<group>"; };
		075D85EE2110B8C600C14B87 /* UncaughtExceptionHandler.m */ = {isa = PBXFileReference; fileEncoding = 4; lastKnownFileType = sourcecode.c.objc; path = UncaughtExceptionHandler.m; sourceTree = "<group>"; };
		075D85F02110BF6A00C14B87 /* Log.swift */ = {isa = PBXFileReference; fileEncoding = 4; lastKnownFileType = sourcecode.swift; path = Log.swift; sourceTree = "<group>"; };
		075D85F32112144200C14B87 /* CrashMaker.m */ = {isa = PBXFileReference; lastKnownFileType = sourcecode.c.objc; path = CrashMaker.m; sourceTree = "<group>"; };
		075D85F52112145200C14B87 /* CrashMaker.h */ = {isa = PBXFileReference; lastKnownFileType = sourcecode.c.h; path = CrashMaker.h; sourceTree = "<group>"; };
/* End PBXFileReference section */

/* Begin PBXFrameworksBuildPhase section */
		075D85D32110B86C00C14B87 /* Frameworks */ = {
			isa = PBXFrameworksBuildPhase;
			buildActionMask = 2147483647;
			files = (
			);
			runOnlyForDeploymentPostprocessing = 0;
		};
/* End PBXFrameworksBuildPhase section */

/* Begin PBXGroup section */
		075D85CD2110B86C00C14B87 = {
			isa = PBXGroup;
			children = (
				075D85D82110B86C00C14B87 /* CrashHandlerDemo */,
				075D85D72110B86C00C14B87 /* Products */,
			);
			sourceTree = "<group>";
		};
		075D85D72110B86C00C14B87 /* Products */ = {
			isa = PBXGroup;
			children = (
				075D85D62110B86C00C14B87 /* CrashHandlerDemo.app */,
			);
			name = Products;
			sourceTree = "<group>";
		};
		075D85D82110B86C00C14B87 /* CrashHandlerDemo */ = {
			isa = PBXGroup;
			children = (
				075D85F2211213F700C14B87 /* CrashMaker */,
				075D85EB2110B89900C14B87 /* CrashHelper */,
				075D85D92110B86C00C14B87 /* AppDelegate.swift */,
				075D85DB2110B86C00C14B87 /* ViewController.swift */,
				075D85F02110BF6A00C14B87 /* Log.swift */,
				075D85DD2110B86C00C14B87 /* Main.storyboard */,
				075D85E02110B86E00C14B87 /* Assets.xcassets */,
				075D85E22110B86E00C14B87 /* LaunchScreen.storyboard */,
				075D85E52110B86E00C14B87 /* Info.plist */,
			);
			path = CrashHandlerDemo;
			sourceTree = "<group>";
		};
		075D85EB2110B89900C14B87 /* CrashHelper */ = {
			isa = PBXGroup;
			children = (
				075D85ED2110B8C600C14B87 /* UncaughtExceptionHandler.h */,
				075D85EE2110B8C600C14B87 /* UncaughtExceptionHandler.m */,
				075D85EC2110B8C500C14B87 /* CrashHandlerDemo-Bridging-Header.h */,
			);
			path = CrashHelper;
			sourceTree = "<group>";
		};
		075D85F2211213F700C14B87 /* CrashMaker */ = {
			isa = PBXGroup;
			children = (
				075D85F52112145200C14B87 /* CrashMaker.h */,
				075D85F32112144200C14B87 /* CrashMaker.m */,
			);
			path = CrashMaker;
			sourceTree = "<group>";
		};
/* End PBXGroup section */

/* Begin PBXNativeTarget section */
		075D85D52110B86C00C14B87 /* CrashHandlerDemo */ = {
			isa = PBXNativeTarget;
			buildConfigurationList = 075D85E82110B86E00C14B87 /* Build configuration list for PBXNativeTarget "CrashHandlerDemo" */;
			buildPhases = (
				075D85D22110B86C00C14B87 /* Sources */,
				075D85D32110B86C00C14B87 /* Frameworks */,
				075D85D42110B86C00C14B87 /* Resources */,
			);
			buildRules = (
			);
			dependencies = (
			);
			name = CrashHandlerDemo;
			productName = CrashHandlerDemo;
			productReference = 075D85D62110B86C00C14B87 /* CrashHandlerDemo.app */;
			productType = "com.apple.product-type.application";
		};
/* End PBXNativeTarget section */

/* Begin PBXProject section */
		075D85CE2110B86C00C14B87 /* Project object */ = {
			isa = PBXProject;
			attributes = {
				LastSwiftUpdateCheck = 0940;
				LastUpgradeCheck = 0940;
				ORGANIZATIONNAME = "Hung Chang Lo";
				TargetAttributes = {
					075D85D52110B86C00C14B87 = {
						CreatedOnToolsVersion = 9.4.1;
						LastSwiftMigration = 0940;
					};
				};
			};
			buildConfigurationList = 075D85D12110B86C00C14B87 /* Build configuration list for PBXProject "CrashHandlerDemo" */;
			compatibilityVersion = "Xcode 9.3";
			developmentRegion = en;
			hasScannedForEncodings = 0;
			knownRegions = (
				en,
				Base,
			);
			mainGroup = 075D85CD2110B86C00C14B87;
			productRefGroup = 075D85D72110B86C00C14B87 /* Products */;
			projectDirPath = "";
			projectRoot = "";
			targets = (
				075D85D52110B86C00C14B87 /* CrashHandlerDemo */,
			);
		};
/* End PBXProject section */

/* Begin PBXResourcesBuildPhase section */
		075D85D42110B86C00C14B87 /* Resources */ = {
			isa = PBXResourcesBuildPhase;
			buildActionMask = 2147483647;
			files = (
				075D85E42110B86E00C14B87 /* LaunchScreen.storyboard in Resources */,
				075D85E12110B86E00C14B87 /* Assets.xcassets in Resources */,
				075D85DF2110B86C00C14B87 /* Main.storyboard in Resources */,
			);
			runOnlyForDeploymentPostprocessing = 0;
		};
/* End PBXResourcesBuildPhase section */

/* Begin PBXSourcesBuildPhase section */
		075D85D22110B86C00C14B87 /* Sources */ = {
			isa = PBXSourcesBuildPhase;
			buildActionMask = 2147483647;
			files = (
				075D85F42112144200C14B87 /* CrashMaker.m in Sources */,
				075D85DC2110B86C00C14B87 /* ViewController.swift in Sources */,
				075D85DA2110B86C00C14B87 /* AppDelegate.swift in Sources */,
				075D85F12110BF6A00C14B87 /* Log.swift in Sources */,
				075D85EF2110B8C700C14B87 /* UncaughtExceptionHandler.m in Sources */,
			);
			runOnlyForDeploymentPostprocessing = 0;
		};
/* End PBXSourcesBuildPhase section */

/* Begin PBXVariantGroup section */
		075D85DD2110B86C00C14B87 /* Main.storyboard */ = {
			isa = PBXVariantGroup;
			children = (
				075D85DE2110B86C00C14B87 /* Base */,
			);
			name = Main.storyboard;
			sourceTree = "<group>";
		};
		075D85E22110B86E00C14B87 /* LaunchScreen.storyboard */ = {
			isa = PBXVariantGroup;
			children = (
				075D85E32110B86E00C14B87 /* Base */,
			);
			name = LaunchScreen.storyboard;
			sourceTree = "<group>";
		};
/* End PBXVariantGroup section */

/* Begin XCBuildConfiguration section */
		075D85E62110B86E00C14B87 /* Debug */ = {
			isa = XCBuildConfiguration;
			buildSettings = {
				ALWAYS_SEARCH_USER_PATHS = NO;
				CLANG_ANALYZER_NONNULL = YES;
				CLANG_ANALYZER_NUMBER_OBJECT_CONVERSION = YES_AGGRESSIVE;
				CLANG_CXX_LANGUAGE_STANDARD = "gnu++14";
				CLANG_CXX_LIBRARY = "libc++";
				CLANG_ENABLE_MODULES = YES;
				CLANG_ENABLE_OBJC_ARC = YES;
				CLANG_ENABLE_OBJC_WEAK = YES;
				CLANG_WARN_BLOCK_CAPTURE_AUTORELEASING = YES;
				CLANG_WARN_BOOL_CONVERSION = YES;
				CLANG_WARN_COMMA = YES;
				CLANG_WARN_CONSTANT_CONVERSION = YES;
				CLANG_WARN_DEPRECATED_OBJC_IMPLEMENTATIONS = YES;
				CLANG_WARN_DIRECT_OBJC_ISA_USAGE = YES_ERROR;
				CLANG_WARN_DOCUMENTATION_COMMENTS = YES;
				CLANG_WARN_EMPTY_BODY = YES;
				CLANG_WARN_ENUM_CONVERSION = YES;
				CLANG_WARN_INFINITE_RECURSION = YES;
				CLANG_WARN_INT_CONVERSION = YES;
				CLANG_WARN_NON_LITERAL_NULL_CONVERSION = YES;
				CLANG_WARN_OBJC_IMPLICIT_RETAIN_SELF = YES;
				CLANG_WARN_OBJC_LITERAL_CONVERSION = YES;
				CLANG_WARN_OBJC_ROOT_CLASS = YES_ERROR;
				CLANG_WARN_RANGE_LOOP_ANALYSIS = YES;
				CLANG_WARN_STRICT_PROTOTYPES = YES;
				CLANG_WARN_SUSPICIOUS_MOVE = YES;
				CLANG_WARN_UNGUARDED_AVAILABILITY = YES_AGGRESSIVE;
				CLANG_WARN_UNREACHABLE_CODE = YES;
				CLANG_WARN__DUPLICATE_METHOD_MATCH = YES;
				CODE_SIGN_IDENTITY = "iPhone Developer";
				COPY_PHASE_STRIP = NO;
				DEBUG_INFORMATION_FORMAT = dwarf;
				ENABLE_STRICT_OBJC_MSGSEND = YES;
				ENABLE_TESTABILITY = YES;
				GCC_C_LANGUAGE_STANDARD = gnu11;
				GCC_DYNAMIC_NO_PIC = NO;
				GCC_NO_COMMON_BLOCKS = YES;
				GCC_OPTIMIZATION_LEVEL = 0;
				GCC_PREPROCESSOR_DEFINITIONS = (
					"DEBUG=1",
					"$(inherited)",
				);
				GCC_WARN_64_TO_32_BIT_CONVERSION = YES;
				GCC_WARN_ABOUT_RETURN_TYPE = YES_ERROR;
				GCC_WARN_UNDECLARED_SELECTOR = YES;
				GCC_WARN_UNINITIALIZED_AUTOS = YES_AGGRESSIVE;
				GCC_WARN_UNUSED_FUNCTION = YES;
				GCC_WARN_UNUSED_VARIABLE = YES;
				IPHONEOS_DEPLOYMENT_TARGET = 11.4;
				MTL_ENABLE_DEBUG_INFO = YES;
				ONLY_ACTIVE_ARCH = YES;
				SDKROOT = iphoneos;
				SWIFT_ACTIVE_COMPILATION_CONDITIONS = DEBUG;
				SWIFT_OPTIMIZATION_LEVEL = "-Onone";
			};
			name = Debug;
		};
		075D85E72110B86E00C14B87 /* Release */ = {
			isa = XCBuildConfiguration;
			buildSettings = {
				ALWAYS_SEARCH_USER_PATHS = NO;
				CLANG_ANALYZER_NONNULL = YES;
				CLANG_ANALYZER_NUMBER_OBJECT_CONVERSION = YES_AGGRESSIVE;
				CLANG_CXX_LANGUAGE_STANDARD = "gnu++14";
				CLANG_CXX_LIBRARY = "libc++";
				CLANG_ENABLE_MODULES = YES;
				CLANG_ENABLE_OBJC_ARC = YES;
				CLANG_ENABLE_OBJC_WEAK = YES;
				CLANG_WARN_BLOCK_CAPTURE_AUTORELEASING = YES;
				CLANG_WARN_BOOL_CONVERSION = YES;
				CLANG_WARN_COMMA = YES;
				CLANG_WARN_CONSTANT_CONVERSION = YES;
				CLANG_WARN_DEPRECATED_OBJC_IMPLEMENTATIONS = YES;
				CLANG_WARN_DIRECT_OBJC_ISA_USAGE = YES_ERROR;
				CLANG_WARN_DOCUMENTATION_COMMENTS = YES;
				CLANG_WARN_EMPTY_BODY = YES;
				CLANG_WARN_ENUM_CONVERSION = YES;
				CLANG_WARN_INFINITE_RECURSION = YES;
				CLANG_WARN_INT_CONVERSION = YES;
				CLANG_WARN_NON_LITERAL_NULL_CONVERSION = YES;
				CLANG_WARN_OBJC_IMPLICIT_RETAIN_SELF = YES;
				CLANG_WARN_OBJC_LITERAL_CONVERSION = YES;
				CLANG_WARN_OBJC_ROOT_CLASS = YES_ERROR;
				CLANG_WARN_RANGE_LOOP_ANALYSIS = YES;
				CLANG_WARN_STRICT_PROTOTYPES = YES;
				CLANG_WARN_SUSPICIOUS_MOVE = YES;
				CLANG_WARN_UNGUARDED_AVAILABILITY = YES_AGGRESSIVE;
				CLANG_WARN_UNREACHABLE_CODE = YES;
				CLANG_WARN__DUPLICATE_METHOD_MATCH = YES;
				CODE_SIGN_IDENTITY = "iPhone Developer";
				COPY_PHASE_STRIP = NO;
				DEBUG_INFORMATION_FORMAT = "dwarf-with-dsym";
				ENABLE_NS_ASSERTIONS = NO;
				ENABLE_STRICT_OBJC_MSGSEND = YES;
				GCC_C_LANGUAGE_STANDARD = gnu11;
				GCC_NO_COMMON_BLOCKS = YES;
				GCC_WARN_64_TO_32_BIT_CONVERSION = YES;
				GCC_WARN_ABOUT_RETURN_TYPE = YES_ERROR;
				GCC_WARN_UNDECLARED_SELECTOR = YES;
				GCC_WARN_UNINITIALIZED_AUTOS = YES_AGGRESSIVE;
				GCC_WARN_UNUSED_FUNCTION = YES;
				GCC_WARN_UNUSED_VARIABLE = YES;
				IPHONEOS_DEPLOYMENT_TARGET = 11.4;
				MTL_ENABLE_DEBUG_INFO = NO;
				SDKROOT = iphoneos;
				SWIFT_COMPILATION_MODE = wholemodule;
				SWIFT_OPTIMIZATION_LEVEL = "-O";
				VALIDATE_PRODUCT = YES;
			};
			name = Release;
		};
		075D85E92110B86E00C14B87 /* Debug */ = {
			isa = XCBuildConfiguration;
			buildSettings = {
				ASSETCATALOG_COMPILER_APPICON_NAME = AppIcon;
				CLANG_ENABLE_MODULES = YES;
				CODE_SIGN_STYLE = Automatic;
				DEVELOPMENT_TEAM = HV7YQRBGLU;
				INFOPLIST_FILE = CrashHandlerDemo/Info.plist;
				LD_RUNPATH_SEARCH_PATHS = (
					"$(inherited)",
					"@executable_path/Frameworks",
				);
				PRODUCT_BUNDLE_IDENTIFIER = tw.HungCLo.CrashHandlerDemo;
				PRODUCT_NAME = "$(TARGET_NAME)";
				SWIFT_OBJC_BRIDGING_HEADER = "CrashHandlerDemo/CrashHelper/CrashHandlerDemo-Bridging-Header.h";
				SWIFT_OPTIMIZATION_LEVEL = "-Onone";
				SWIFT_VERSION = 4.0;
				TARGETED_DEVICE_FAMILY = "1,2";
			};
			name = Debug;
		};
		075D85EA2110B86E00C14B87 /* Release */ = {
			isa = XCBuildConfiguration;
			buildSettings = {
				ASSETCATALOG_COMPILER_APPICON_NAME = AppIcon;
				CLANG_ENABLE_MODULES = YES;
				CODE_SIGN_STYLE = Automatic;
				DEVELOPMENT_TEAM = HV7YQRBGLU;
				INFOPLIST_FILE = CrashHandlerDemo/Info.plist;
				LD_RUNPATH_SEARCH_PATHS = (
					"$(inherited)",
					"@executable_path/Frameworks",
				);
				PRODUCT_BUNDLE_IDENTIFIER = tw.HungCLo.CrashHandlerDemo;
				PRODUCT_NAME = "$(TARGET_NAME)";
				SWIFT_OBJC_BRIDGING_HEADER = "CrashHandlerDemo/CrashHelper/CrashHandlerDemo-Bridging-Header.h";
				SWIFT_VERSION = 4.0;
				TARGETED_DEVICE_FAMILY = "1,2";
			};
			name = Release;
		};
/* End XCBuildConfiguration section */

/* Begin XCConfigurationList section */
		075D85D12110B86C00C14B87 /* Build configuration list for PBXProject "CrashHandlerDemo" */ = {
			isa = XCConfigurationList;
			buildConfigurations = (
				075D85E62110B86E00C14B87 /* Debug */,
				075D85E72110B86E00C14B87 /* Release */,
			);
			defaultConfigurationIsVisible = 0;
			defaultConfigurationName = Release;
		};
		075D85E82110B86E00C14B87 /* Build configuration list for PBXNativeTarget "CrashHandlerDemo" */ = {
			isa = XCConfigurationList;
			buildConfigurations = (
				075D85E92110B86E00C14B87 /* Debug */,
				075D85EA2110B86E00C14B87 /* Release */,
			);
			defaultConfigurationIsVisible = 0;
			defaultConfigurationName = Release;
		};
/* End XCConfigurationList section */
	};
	rootObject = 075D85CE2110B86C00C14B87 /* Project object */;
}
